Microsoft Visual Studio Solution File, Format Version 12.00
# Visual Studio Version 17
VisualStudioVersion = 17.0.31912.275
MinimumVisualStudioVersion = 10.0.40219.1
Project("{FAE04EC0-301F-11D3-BF4B-00C04F79EFBC}") = "WatermarkOverlay", "src/WatermarkOverlay/WatermarkOverlay.csproj", "{66A2E479-7D7C-4B99-9E2F-6A6B1E9B7C16}"
EndProject
Project("{930C7802-8A8C-48F9-8165-68863BCCD9DD}") = "WatermarkOverlayInstaller", "installer/WiX/WatermarkOverlayInstaller.wixproj", "{F5A4D8D3-3E6D-49B5-9A2D-8D3F9A1F0F77}"
EndProject
Global
	GlobalSection(SolutionConfigurationPlatforms) = preSolution
		Debug|Any CPU = Debug|Any CPU
		Release|Any CPU = Release|Any CPU
	EndGlobalSection
	GlobalSection(ProjectConfigurationPlatforms) = postSolution
		{66A2E479-7D7C-4B99-9E2F-6A6B1E9B7C16}.Debug|Any CPU.ActiveCfg = Debug|Any CPU
		{66A2E479-7D7C-4B99-9E2F-6A6B1E9B7C16}.Debug|Any CPU.Build.0 = Debug|Any CPU
		{66A2E479-7D7C-4B99-9E2F-6A6B1E9B7C16}.Release|Any CPU.ActiveCfg = Release|Any CPU
		{66A2E479-7D7C-4B99-9E2F-6A6B1E9B7C16}.Release|Any CPU.Build.0 = Release|Any CPU
		{F5A4D8D3-3E6D-49B5-9A2D-8D3F9A1F0F77}.Debug|Any CPU.ActiveCfg = Debug|Any CPU
		{F5A4D8D3-3E6D-49B5-9A2D-8D3F9A1F0F77}.Debug|Any CPU.Build.0 = Debug|Any CPU
		{F5A4D8D3-3E6D-49B5-9A2D-8D3F9A1F0F77}.Release|Any CPU.ActiveCfg = Release|Any CPU
		{F5A4D8D3-3E6D-49B5-9A2D-8D3F9A1F0F77}.Release|Any CPU.Build.0 = Release|Any CPU
	EndGlobalSection
	GlobalSection(SolutionProperties) = preSolution
		HideSolutionNode = FALSE
	EndGlobalSection
EndGlobal

